{
  "name": "Portfolio",
  "lockfileVersion": 2,
  "requires": true,
  "packages": {
    "": {
      "dependencies": {
        "csshake": "^1.7.0",
        "hover.css": "^2.3.2"
      }
    },
    "node_modules/csshake": {
      "version": "1.7.0",
      "resolved": "https://registry.npmjs.org/csshake/-/csshake-1.7.0.tgz",
      "integrity": "sha512-J8YPxrFmhNCK/sgoiWwbPDmUPramnEts8E9OZ6hdfh8z5wDjdIfVH0VgUz8HU5px5JpyLgnvPon6L3cmGef8TA=="
    },
    "node_modules/hover.css": {
      "version": "2.3.2",
      "resolved": "https://registry.npmjs.org/hover.css/-/hover.css-2.3.2.tgz",
      "integrity": "sha512-eXch700vfcoSSAcEcU154lTHBYQy2cjGT+yJZtkKWxASBBiPVkqYOdMAa0sz4cYj2YIrl1FRE2s5O4EgOaIpig=="
    }
  },
  "dependencies": {
    "csshake": {
      "version": "1.7.0",
      "resolved": "https://registry.npmjs.org/csshake/-/csshake-1.7.0.tgz",
      "integrity": "sha512-J8YPxrFmhNCK/sgoiWwbPDmUPramnEts8E9OZ6hdfh8z5wDjdIfVH0VgUz8HU5px5JpyLgnvPon6L3cmGef8TA=="
    },
    "hover.css": {
      "version": "2.3.2",
      "resolved": "https://registry.npmjs.org/hover.css/-/hover.css-2.3.2.tgz",
      "integrity": "sha512-eXch700vfcoSSAcEcU154lTHBYQy2cjGT+yJZtkKWxASBBiPVkqYOdMAa0sz4cYj2YIrl1FRE2s5O4EgOaIpig=="
    }
  }
}
